
Microsoft Visual Studio Solution File, Format Version 12.00
Project("{2150E333-8FDC-42A3-9474-1A3956D46DE8}") = "src", "src", "{E29DB559-B87B-4CDF-877D-CF9161844E4C}"
EndProject
Project("{FAE04EC0-301F-11D3-BF4B-00C04F79EFBC}") = "SocketTools", "src\SocketTools\SocketTools.csproj", "{AF78350D-837B-4899-BC1B-D419955D36AD}"
EndProject
Global
	GlobalSection(SolutionConfigurationPlatforms) = preSolution
		Debug|Any CPU = Debug|Any CPU
		Release|Any CPU = Release|Any CPU
	EndGlobalSection
	GlobalSection(NestedProjects) = preSolution
		{AF78350D-837B-4899-BC1B-D419955D36AD} = {E29DB559-B87B-4CDF-877D-CF9161844E4C}
	EndGlobalSection
	GlobalSection(ProjectConfigurationPlatforms) = postSolution
		{AF78350D-837B-4899-BC1B-D419955D36AD}.Debug|Any CPU.ActiveCfg = Debug|Any CPU
		{AF78350D-837B-4899-BC1B-D419955D36AD}.Debug|Any CPU.Build.0 = Debug|Any CPU
		{AF78350D-837B-4899-BC1B-D419955D36AD}.Release|Any CPU.ActiveCfg = Release|Any CPU
		{AF78350D-837B-4899-BC1B-D419955D36AD}.Release|Any CPU.Build.0 = Release|Any CPU
	EndGlobalSection
EndGlobal
